
Microsoft Visual Studio Solution File, Format Version 12.00
# Visual Studio 2012
Project("{FAE04EC0-301F-11D3-BF4B-00C04F79EFBC}") = "SSISReportGeneratorTask", "SSISReportGeneratorTask\SSISReportGeneratorTask.csproj", "{0A919EB1-E285-4D92-9FB3-254B10B12A6C}"
EndProject
Global
	GlobalSection(SolutionConfigurationPlatforms) = preSolution
		Debug|Any CPU = Debug|Any CPU
		Release|Any CPU = Release|Any CPU
	EndGlobalSection
	GlobalSection(ProjectConfigurationPlatforms) = postSolution
		{0A919EB1-E285-4D92-9FB3-254B10B12A6C}.Debug|Any CPU.ActiveCfg = Debug|Any CPU
		{0A919EB1-E285-4D92-9FB3-254B10B12A6C}.Debug|Any CPU.Build.0 = Debug|Any CPU
		{0A919EB1-E285-4D92-9FB3-254B10B12A6C}.Release|Any CPU.ActiveCfg = Release|x64
		{0A919EB1-E285-4D92-9FB3-254B10B12A6C}.Release|Any CPU.Build.0 = Release|x64
	EndGlobalSection
	GlobalSection(SolutionProperties) = preSolution
		HideSolutionNode = FALSE
	EndGlobalSection
EndGlobal
